{
  "nodes": {
    "flake-compatish": {
      "locked": {
        "lastModified": 1783984082,
        "narHash": "sha256-A7Xl565OqEU7VCqq1hEBw5AzOTicFttZggJnA17tpSU=",
        "owner": "lillecarl",
        "repo": "flake-compatish",
        "rev": "30cb7674c79484293588da00f39e6cd5eb36865c",
        "type": "github"
      },
      "original": {
        "owner": "lillecarl",
        "repo": "flake-compatish",
        "type": "github"
      }
    },
    "flake-compatish_2": {
      "locked": {
        "lastModified": 1783977694,
        "narHash": "sha256-Pa/Q2Cl5PCnJFR8KkwMrkEQuSquMzXVFovZN6pf3f4c=",
        "owner": "lillecarl",
        "repo": "flake-compatish",
        "rev": "c3857835d74a84e47a2d439022ac40e6a87c30f2",
        "type": "github"
      },
      "original": {
        "owner": "lillecarl",
        "repo": "flake-compatish",
        "type": "github"
      }
    },
    "grpclib-transports": {
      "inputs": {
        "flake-compatish": "flake-compatish_2",
        "nixpkgs": [
          "nixpkgs"
        ]
      },
      "locked": {
        "lastModified": 1784212843,
        "narHash": "sha256-uBwcwDfqL0dKmObfGpXlDgsL1psMd6vH0VaECkVpZTU=",
        "owner": "lillecarl",
        "repo": "grpclib-transports",
        "rev": "456dc3e459478286c1b76ae7f7fcd9ba8337a3f4",
        "type": "github"
      },
      "original": {
        "owner": "lillecarl",
        "repo": "grpclib-transports",
        "type": "github"
      }
    },
    "nixpkgs": {
      "locked": {
        "lastModified": 1783279667,
        "narHash": "sha256-/NAkDSsve+GNM0Bt6tleJdCGfsTlK89nPjkVOzZMo0s=",
        "owner": "nixos",
        "repo": "nixpkgs",
        "rev": "f205b5574fd0cb7da5b702a2da51507b7f4fdd1b",
        "type": "github"
      },
      "original": {
        "owner": "nixos",
        "ref": "nixpkgs-unstable",
        "repo": "nixpkgs",
        "type": "github"
      }
    },
    "pyproject-nix": {
      "inputs": {
        "nixpkgs": [
          "nixpkgs"
        ]
      },
      "locked": {
        "lastModified": 1782905613,
        "narHash": "sha256-SvXJcAemihifkTn4BGvyE5K1FJX9bl4U8DQ5pqKvD0s=",
        "owner": "pyproject-nix",
        "repo": "pyproject.nix",
        "rev": "7af23cfe91064865ecf2e835da28b45b3c6f49fd",
        "type": "github"
      },
      "original": {
        "owner": "pyproject-nix",
        "repo": "pyproject.nix",
        "type": "github"
      }
    },
    "root": {
      "inputs": {
        "flake-compatish": "flake-compatish",
        "grpclib-transports": "grpclib-transports",
        "nixpkgs": "nixpkgs",
        "pyproject-nix": "pyproject-nix"
      }
    }
  },
  "root": "root",
  "version": 7
}
