{
  "nodes": {
    "adios": {
      "locked": {
        "lastModified": 1772186395,
        "narHash": "sha256-NshyMZYZwjKMLKEX0eDf9Fcekq8MFNFk02wW5knzlZU=",
        "owner": "adisbladis",
        "repo": "adios",
        "rev": "6a54071689ec9ec784a16e4eec8ddb864eca2982",
        "type": "github"
      },
      "original": {
        "owner": "adisbladis",
        "repo": "adios",
        "type": "github"
      }
    },
    "easykubenix": {
      "inputs": {
        "adios": "adios",
        "flake-compatish": "flake-compatish",
        "nanopynix": [],
        "nixpkgs": [
          "nixpkgs"
        ]
      },
      "locked": {
        "lastModified": 1784282782,
        "narHash": "sha256-rDbNfIAWZFqS1q9B8xALHFnpkZI2krW95cAtLkLnwXc=",
        "owner": "Lillecarl",
        "repo": "easykubenix",
        "rev": "0109ec5b273aa7c15e6526a6be311ea6eb7efefe",
        "type": "github"
      },
      "original": {
        "owner": "Lillecarl",
        "repo": "easykubenix",
        "type": "github"
      }
    },
    "flake-compatish": {
      "locked": {
        "lastModified": 1783984082,
        "narHash": "sha256-A7Xl565OqEU7VCqq1hEBw5AzOTicFttZggJnA17tpSU=",
        "owner": "lillecarl",
        "repo": "flake-compatish",
        "rev": "30cb7674c79484293588da00f39e6cd5eb36865c",
        "type": "github"
      },
      "original": {
        "owner": "lillecarl",
        "repo": "flake-compatish",
        "type": "github"
      }
    },
    "flake-compatish_2": {
      "locked": {
        "lastModified": 1783984082,
        "narHash": "sha256-A7Xl565OqEU7VCqq1hEBw5AzOTicFttZggJnA17tpSU=",
        "owner": "lillecarl",
        "repo": "flake-compatish",
        "rev": "30cb7674c79484293588da00f39e6cd5eb36865c",
        "type": "github"
      },
      "original": {
        "owner": "lillecarl",
        "repo": "flake-compatish",
        "type": "github"
      }
    },
    "flake-compatish_3": {
      "locked": {
        "lastModified": 1783977694,
        "narHash": "sha256-Pa/Q2Cl5PCnJFR8KkwMrkEQuSquMzXVFovZN6pf3f4c=",
        "owner": "lillecarl",
        "repo": "flake-compatish",
        "rev": "c3857835d74a84e47a2d439022ac40e6a87c30f2",
        "type": "github"
      },
      "original": {
        "owner": "lillecarl",
        "repo": "flake-compatish",
        "type": "github"
      }
    },
    "grpclib-transports": {
      "inputs": {
        "flake-compatish": "flake-compatish_3",
        "nixpkgs": [
          "nixpkgs"
        ]
      },
      "locked": {
        "lastModified": 1784212843,
        "narHash": "sha256-uBwcwDfqL0dKmObfGpXlDgsL1psMd6vH0VaECkVpZTU=",
        "owner": "lillecarl",
        "repo": "grpclib-transports",
        "rev": "456dc3e459478286c1b76ae7f7fcd9ba8337a3f4",
        "type": "github"
      },
      "original": {
        "owner": "lillecarl",
        "repo": "grpclib-transports",
        "type": "github"
      }
    },
    "nixpkgs": {
      "locked": {
        "lastModified": 1784115452,
        "narHash": "sha256-BoYPdqk6jlKXy+DyUzyGV/CtRGfAhk2MmIgBhsemTGI=",
        "owner": "nixos",
        "repo": "nixpkgs",
        "rev": "35d3407a3816f3b341d8cf1d60abaf2b7b8166ac",
        "type": "github"
      },
      "original": {
        "owner": "nixos",
        "ref": "nixpkgs-unstable",
        "repo": "nixpkgs",
        "type": "github"
      }
    },
    "pyproject-nix": {
      "inputs": {
        "nixpkgs": [
          "nixpkgs"
        ]
      },
      "locked": {
        "lastModified": 1782905613,
        "narHash": "sha256-SvXJcAemihifkTn4BGvyE5K1FJX9bl4U8DQ5pqKvD0s=",
        "owner": "pyproject-nix",
        "repo": "pyproject.nix",
        "rev": "7af23cfe91064865ecf2e835da28b45b3c6f49fd",
        "type": "github"
      },
      "original": {
        "owner": "pyproject-nix",
        "repo": "pyproject.nix",
        "type": "github"
      }
    },
    "root": {
      "inputs": {
        "easykubenix": "easykubenix",
        "flake-compatish": "flake-compatish_2",
        "grpclib-transports": "grpclib-transports",
        "nixpkgs": "nixpkgs",
        "pyproject-nix": "pyproject-nix",
        "tree-sitter-nix-numtide": "tree-sitter-nix-numtide"
      }
    },
    "tree-sitter-nix-numtide": {
      "flake": false,
      "locked": {
        "lastModified": 1779268707,
        "narHash": "sha256-n3sQz0LhDCdoza4bmXHGvZWROyUpYO7u+00/w7bsO/I=",
        "owner": "numtide",
        "repo": "tree-sitter-nix",
        "rev": "70f34e95e30b7ebcc40815d4385d68576c4a15cd",
        "type": "github"
      },
      "original": {
        "owner": "numtide",
        "repo": "tree-sitter-nix",
        "type": "github"
      }
    }
  },
  "root": "root",
  "version": 7
}
